
Microsoft Visual Studio Solution File, Format Version 12.00
# Visual Studio Version 16
VisualStudioVersion = 16.0.30717.126
MinimumVisualStudioVersion = 10.0.40219.1
Project("{FAE04EC0-301F-11D3-BF4B-00C04F79EFBC}") = "AdventOfCode2020-6.1", "AdventOfCode2020-6.1\AdventOfCode2020-6.1.csproj", "{C3C07D2C-74F4-473B-8ACD-283FCBCCB0C2}"
EndProject
Global
	GlobalSection(SolutionConfigurationPlatforms) = preSolution
		Debug|Any CPU = Debug|Any CPU
		Release|Any CPU = Release|Any CPU
	EndGlobalSection
	GlobalSection(ProjectConfigurationPlatforms) = postSolution
		{C3C07D2C-74F4-473B-8ACD-283FCBCCB0C2}.Debug|Any CPU.ActiveCfg = Debug|Any CPU
		{C3C07D2C-74F4-473B-8ACD-283FCBCCB0C2}.Debug|Any CPU.Build.0 = Debug|Any CPU
		{C3C07D2C-74F4-473B-8ACD-283FCBCCB0C2}.Release|Any CPU.ActiveCfg = Release|Any CPU
		{C3C07D2C-74F4-473B-8ACD-283FCBCCB0C2}.Release|Any CPU.Build.0 = Release|Any CPU
	EndGlobalSection
	GlobalSection(SolutionProperties) = preSolution
		HideSolutionNode = FALSE
	EndGlobalSection
	GlobalSection(ExtensibilityGlobals) = postSolution
		SolutionGuid = {1C02BE20-0289-4579-9476-929CC56B234D}
	EndGlobalSection
EndGlobal
